
Microsoft Visual Studio Solution File, Format Version 12.00
# Visual Studio Version 17
VisualStudioVersion = 17.9.34607.119
MinimumVisualStudioVersion = 10.0.40219.1
Project("{8BC9CEB8-8B4A-11D0-8D11-00A0C91BC942}") = "OOC-LAB3-exercise2", "OOC-LAB3-exercise2\OOC-LAB3-exercise2.vcxproj", "{305CD0B8-ABC6-42F6-8528-58C7D548CBFA}"
EndProject
Global
	GlobalSection(SolutionConfigurationPlatforms) = preSolution
		Debug|x64 = Debug|x64
		Debug|x86 = Debug|x86
		Release|x64 = Release|x64
		Release|x86 = Release|x86
	EndGlobalSection
	GlobalSection(ProjectConfigurationPlatforms) = postSolution
		{305CD0B8-ABC6-42F6-8528-58C7D548CBFA}.Debug|x64.ActiveCfg = Debug|x64
		{305CD0B8-ABC6-42F6-8528-58C7D548CBFA}.Debug|x64.Build.0 = Debug|x64
		{305CD0B8-ABC6-42F6-8528-58C7D548CBFA}.Debug|x86.ActiveCfg = Debug|Win32
		{305CD0B8-ABC6-42F6-8528-58C7D548CBFA}.Debug|x86.Build.0 = Debug|Win32
		{305CD0B8-ABC6-42F6-8528-58C7D548CBFA}.Release|x64.ActiveCfg = Release|x64
		{305CD0B8-ABC6-42F6-8528-58C7D548CBFA}.Release|x64.Build.0 = Release|x64
		{305CD0B8-ABC6-42F6-8528-58C7D548CBFA}.Release|x86.ActiveCfg = Release|Win32
		{305CD0B8-ABC6-42F6-8528-58C7D548CBFA}.Release|x86.Build.0 = Release|Win32
	EndGlobalSection
	GlobalSection(SolutionProperties) = preSolution
		HideSolutionNode = FALSE
	EndGlobalSection
	GlobalSection(ExtensibilityGlobals) = postSolution
		SolutionGuid = {52D2E19B-00D8-4743-96BD-2F0D445D0CDA}
	EndGlobalSection
EndGlobal
